// !$*UTF8*$!
{
	archiveVersion = 1;
	classes = {
	};
	objectVersion = 48;
	objects = {

/* Begin PBXBuildFile section */
		79A157E02003B00B006A8A1F /* AppDelegate.swift in Sources */ = {isa = PBXBuildFile; fileRef = 79A157DF2003B00B006A8A1F /* AppDelegate.swift */; };
		79A157E52003B00B006A8A1F /* Main.storyboard in Resources */ = {isa = PBXBuildFile; fileRef = 79A157E32003B00B006A8A1F /* Main.storyboard */; };
		79A157E72003B00B006A8A1F /* Assets.xcassets in Resources */ = {isa = PBXBuildFile; fileRef = 79A157E62003B00B006A8A1F /* Assets.xcassets */; };
		79A157EA2003B00B006A8A1F /* LaunchScreen.storyboard in Resources */ = {isa = PBXBuildFile; fileRef = 79A157E82003B00B006A8A1F /* LaunchScreen.storyboard */; };
		79A157F52003B00B006A8A1F /* FavoriteRestaurantsTests.swift in Sources */ = {isa = PBXBuildFile; fileRef = 79A157F42003B00B006A8A1F /* FavoriteRestaurantsTests.swift */; };
		79A158002003B00B006A8A1F /* FavoriteRestaurantsUITests.swift in Sources */ = {isa = PBXBuildFile; fileRef = 79A157FF2003B00B006A8A1F /* FavoriteRestaurantsUITests.swift */; };
		79A158122003B0B5006A8A1F /* RestaurantDataProvider.swift in Sources */ = {isa = PBXBuildFile; fileRef = 79A158112003B0B5006A8A1F /* RestaurantDataProvider.swift */; };
		79A158142003B228006A8A1F /* RestaurantDataManager.swift in Sources */ = {isa = PBXBuildFile; fileRef = 79A158132003B228006A8A1F /* RestaurantDataManager.swift */; };
		79A158172004DE15006A8A1F /* sample iOS.json in Resources */ = {isa = PBXBuildFile; fileRef = 79A158162004DE15006A8A1F /* sample iOS.json */; };
		79A1587A200BA3A4006A8A1F /* BaseStore.swift in Sources */ = {isa = PBXBuildFile; fileRef = 79A15879200BA3A4006A8A1F /* BaseStore.swift */; };
		79A1587C200BA471006A8A1F /* RestaurantStore.swift in Sources */ = {isa = PBXBuildFile; fileRef = 79A1587B200BA471006A8A1F /* RestaurantStore.swift */; };
		79A1587F200BA497006A8A1F /* BaseModel.swift in Sources */ = {isa = PBXBuildFile; fileRef = 79A1587E200BA497006A8A1F /* BaseModel.swift */; };
		79A15881200BA4A9006A8A1F /* RestaurantModel.swift in Sources */ = {isa = PBXBuildFile; fileRef = 79A15880200BA4A9006A8A1F /* RestaurantModel.swift */; };
		79A15884200BAAE8006A8A1F /* Constants.swift in Sources */ = {isa = PBXBuildFile; fileRef = 79A15883200BAAE8006A8A1F /* Constants.swift */; };
		79A15887200BAC47006A8A1F /* BaseViewController.swift in Sources */ = {isa = PBXBuildFile; fileRef = 79A15886200BAC47006A8A1F /* BaseViewController.swift */; };
		79A15889200BAD83006A8A1F /* RestaurantsViewController.swift in Sources */ = {isa = PBXBuildFile; fileRef = 79A15888200BAD83006A8A1F /* RestaurantsViewController.swift */; };
		79A1588E200BB034006A8A1F /* RestaurantTableViewCell.swift in Sources */ = {isa = PBXBuildFile; fileRef = 79A1588D200BB034006A8A1F /* RestaurantTableViewCell.swift */; };
		79A15890200BB0E6006A8A1F /* RestaurantsViewController+UISearchController.swift in Sources */ = {isa = PBXBuildFile; fileRef = 79A1588F200BB0E6006A8A1F /* RestaurantsViewController+UISearchController.swift */; };
		79A15892200BB721006A8A1F /* RestaurantsViewController+UITableView.swift in Sources */ = {isa = PBXBuildFile; fileRef = 79A15891200BB721006A8A1F /* RestaurantsViewController+UITableView.swift */; };
		9AF9715AD98946FE51919773 /* Pods_FavoriteRestaurants.framework in Frameworks */ = {isa = PBXBuildFile; fileRef = 7937FE77CA41E76C4A49412A /* Pods_FavoriteRestaurants.framework */; };
/* End PBXBuildFile section */

/* Begin PBXContainerItemProxy section */
		79A157F12003B00B006A8A1F /* PBXContainerItemProxy */ = {
			isa = PBXContainerItemProxy;
			containerPortal = 79A157D42003B00B006A8A1F /* Project object */;
			proxyType = 1;
			remoteGlobalIDString = 79A157DB2003B00B006A8A1F;
			remoteInfo = FavoriteRestaurants;
		};
		79A157FC2003B00B006A8A1F /* PBXContainerItemProxy */ = {
			isa = PBXContainerItemProxy;
			containerPortal = 79A157D42003B00B006A8A1F /* Project object */;
			proxyType = 1;
			remoteGlobalIDString = 79A157DB2003B00B006A8A1F;
			remoteInfo = FavoriteRestaurants;
		};
/* End PBXContainerItemProxy section */

/* Begin PBXFileReference section */
		7937FE77CA41E76C4A49412A /* Pods_FavoriteRestaurants.framework */ = {isa = PBXFileReference; explicitFileType = wrapper.framework; includeInIndex = 0; path = Pods_FavoriteRestaurants.framework; sourceTree = BUILT_PRODUCTS_DIR; };
		79A157DC2003B00B006A8A1F /* FavoriteRestaurants.app */ = {isa = PBXFileReference; explicitFileType = wrapper.application; includeInIndex = 0; path = FavoriteRestaurants.app; sourceTree = BUILT_PRODUCTS_DIR; };
		79A157DF2003B00B006A8A1F /* AppDelegate.swift */ = {isa = PBXFileReference; lastKnownFileType = sourcecode.swift; path = AppDelegate.swift; sourceTree = "<group>"; };
		79A157E42003B00B006A8A1F /* Base */ = {isa = PBXFileReference; lastKnownFileType = file.storyboard; name = Base; path = Base.lproj/Main.storyboard; sourceTree = "<group>"; };
		79A157E62003B00B006A8A1F /* Assets.xcassets */ = {isa = PBXFileReference; lastKnownFileType = folder.assetcatalog; path = Assets.xcassets; sourceTree = "<group>"; };
		79A157E92003B00B006A8A1F /* Base */ = {isa = PBXFileReference; lastKnownFileType = file.storyboard; name = Base; path = Base.lproj/LaunchScreen.storyboard; sourceTree = "<group>"; };
		79A157EB2003B00B006A8A1F /* Info.plist */ = {isa = PBXFileReference; lastKnownFileType = text.plist.xml; path = Info.plist; sourceTree = "<group>"; };
		79A157F02003B00B006A8A1F /* FavoriteRestaurantsTests.xctest */ = {isa = PBXFileReference; explicitFileType = wrapper.cfbundle; includeInIndex = 0; path = FavoriteRestaurantsTests.xctest; sourceTree = BUILT_PRODUCTS_DIR; };
		79A157F42003B00B006A8A1F /* FavoriteRestaurantsTests.swift */ = {isa = PBXFileReference; lastKnownFileType = sourcecode.swift; path = FavoriteRestaurantsTests.swift; sourceTree = "<group>"; };
		79A157F62003B00B006A8A1F /* Info.plist */ = {isa = PBXFileReference; lastKnownFileType = text.plist.xml; path = Info.plist; sourceTree = "<group>"; };
		79A157FB2003B00B006A8A1F /* FavoriteRestaurantsUITests.xctest */ = {isa = PBXFileReference; explicitFileType = wrapper.cfbundle; includeInIndex = 0; path = FavoriteRestaurantsUITests.xctest; sourceTree = BUILT_PRODUCTS_DIR; };
		79A157FF2003B00B006A8A1F /* FavoriteRestaurantsUITests.swift */ = {isa = PBXFileReference; lastKnownFileType = sourcecode.swift; path = FavoriteRestaurantsUITests.swift; sourceTree = "<group>"; };
		79A158012003B00B006A8A1F /* Info.plist */ = {isa = PBXFileReference; lastKnownFileType = text.plist.xml; path = Info.plist; sourceTree = "<group>"; };
		79A158112003B0B5006A8A1F /* RestaurantDataProvider.swift */ = {isa = PBXFileReference; lastKnownFileType = sourcecode.swift; path = RestaurantDataProvider.swift; sourceTree = "<group>"; };
		79A158132003B228006A8A1F /* RestaurantDataManager.swift */ = {isa = PBXFileReference; lastKnownFileType = sourcecode.swift; path = RestaurantDataManager.swift; sourceTree = "<group>"; };
		79A158162004DE15006A8A1F /* sample iOS.json */ = {isa = PBXFileReference; fileEncoding = 4; lastKnownFileType = text.json; path = "sample iOS.json"; sourceTree = "<group>"; };
		79A15879200BA3A4006A8A1F /* BaseStore.swift */ = {isa = PBXFileReference; lastKnownFileType = sourcecode.swift; path = BaseStore.swift; sourceTree = "<group>"; };
		79A1587B200BA471006A8A1F /* RestaurantStore.swift */ = {isa = PBXFileReference; lastKnownFileType = sourcecode.swift; path = RestaurantStore.swift; sourceTree = "<group>"; };
		79A1587E200BA497006A8A1F /* BaseModel.swift */ = {isa = PBXFileReference; lastKnownFileType = sourcecode.swift; path = BaseModel.swift; sourceTree = "<group>"; };
		79A15880200BA4A9006A8A1F /* RestaurantModel.swift */ = {isa = PBXFileReference; lastKnownFileType = sourcecode.swift; path = RestaurantModel.swift; sourceTree = "<group>"; };
		79A15883200BAAE8006A8A1F /* Constants.swift */ = {isa = PBXFileReference; lastKnownFileType = sourcecode.swift; path = Constants.swift; sourceTree = "<group>"; };
		79A15886200BAC47006A8A1F /* BaseViewController.swift */ = {isa = PBXFileReference; lastKnownFileType = sourcecode.swift; path = BaseViewController.swift; sourceTree = "<group>"; };
		79A15888200BAD83006A8A1F /* RestaurantsViewController.swift */ = {isa = PBXFileReference; lastKnownFileType = sourcecode.swift; path = RestaurantsViewController.swift; sourceTree = "<group>"; };
		79A1588D200BB034006A8A1F /* RestaurantTableViewCell.swift */ = {isa = PBXFileReference; lastKnownFileType = sourcecode.swift; path = RestaurantTableViewCell.swift; sourceTree = "<group>"; };
		79A1588F200BB0E6006A8A1F /* RestaurantsViewController+UISearchController.swift */ = {isa = PBXFileReference; lastKnownFileType = sourcecode.swift; path = "RestaurantsViewController+UISearchController.swift"; sourceTree = "<group>"; };
		79A15891200BB721006A8A1F /* RestaurantsViewController+UITableView.swift */ = {isa = PBXFileReference; lastKnownFileType = sourcecode.swift; path = "RestaurantsViewController+UITableView.swift"; sourceTree = "<group>"; };
		874B05B096E106E87C051792 /* Pods-FavoriteRestaurants.debug.xcconfig */ = {isa = PBXFileReference; includeInIndex = 1; lastKnownFileType = text.xcconfig; name = "Pods-FavoriteRestaurants.debug.xcconfig"; path = "Pods/Target Support Files/Pods-FavoriteRestaurants/Pods-FavoriteRestaurants.debug.xcconfig"; sourceTree = "<group>"; };
		C1ECE6A7729FDA8DA43A3826 /* Pods-FavoriteRestaurants.release.xcconfig */ = {isa = PBXFileReference; includeInIndex = 1; lastKnownFileType = text.xcconfig; name = "Pods-FavoriteRestaurants.release.xcconfig"; path = "Pods/Target Support Files/Pods-FavoriteRestaurants/Pods-FavoriteRestaurants.release.xcconfig"; sourceTree = "<group>"; };
/* End PBXFileReference section */

/* Begin PBXFrameworksBuildPhase section */
		79A157D92003B00B006A8A1F /* Frameworks */ = {
			isa = PBXFrameworksBuildPhase;
			buildActionMask = 2147483647;
			files = (
				9AF9715AD98946FE51919773 /* Pods_FavoriteRestaurants.framework in Frameworks */,
			);
			runOnlyForDeploymentPostprocessing = 0;
		};
		79A157ED2003B00B006A8A1F /* Frameworks */ = {
			isa = PBXFrameworksBuildPhase;
			buildActionMask = 2147483647;
			files = (
			);
			runOnlyForDeploymentPostprocessing = 0;
		};
		79A157F82003B00B006A8A1F /* Frameworks */ = {
			isa = PBXFrameworksBuildPhase;
			buildActionMask = 2147483647;
			files = (
			);
			runOnlyForDeploymentPostprocessing = 0;
		};
/* End PBXFrameworksBuildPhase section */

/* Begin PBXGroup section */
		79A157D32003B00B006A8A1F = {
			isa = PBXGroup;
			children = (
				79A157DE2003B00B006A8A1F /* FavoriteRestaurants */,
				79A157F32003B00B006A8A1F /* FavoriteRestaurantsTests */,
				79A157FE2003B00B006A8A1F /* FavoriteRestaurantsUITests */,
				79A157DD2003B00B006A8A1F /* Products */,
				B2BCC495A2829E4558C8B94D /* Pods */,
				A0442B198C27EF6A38BDD0A5 /* Frameworks */,
			);
			sourceTree = "<group>";
		};
		79A157DD2003B00B006A8A1F /* Products */ = {
			isa = PBXGroup;
			children = (
				79A157DC2003B00B006A8A1F /* FavoriteRestaurants.app */,
				79A157F02003B00B006A8A1F /* FavoriteRestaurantsTests.xctest */,
				79A157FB2003B00B006A8A1F /* FavoriteRestaurantsUITests.xctest */,
			);
			name = Products;
			sourceTree = "<group>";
		};
		79A157DE2003B00B006A8A1F /* FavoriteRestaurants */ = {
			isa = PBXGroup;
			children = (
				79A15885200BAB91006A8A1F /* Controller */,
				79A15882200BAADE006A8A1F /* Utils */,
				79A1587D200BA482006A8A1F /* Model */,
				79A15878200BA397006A8A1F /* Store */,
				79A158152004DE02006A8A1F /* Resources */,
				79A158102003B08E006A8A1F /* Data Provider */,
				79A1580E2003B062006A8A1F /* View */,
				79A1580D2003B01C006A8A1F /* Supporting Files */,
			);
			path = FavoriteRestaurants;
			sourceTree = "<group>";
		};
		79A157F32003B00B006A8A1F /* FavoriteRestaurantsTests */ = {
			isa = PBXGroup;
			children = (
				79A157F42003B00B006A8A1F /* FavoriteRestaurantsTests.swift */,
				79A157F62003B00B006A8A1F /* Info.plist */,
			);
			path = FavoriteRestaurantsTests;
			sourceTree = "<group>";
		};
		79A157FE2003B00B006A8A1F /* FavoriteRestaurantsUITests */ = {
			isa = PBXGroup;
			children = (
				79A157FF2003B00B006A8A1F /* FavoriteRestaurantsUITests.swift */,
				79A158012003B00B006A8A1F /* Info.plist */,
			);
			path = FavoriteRestaurantsUITests;
			sourceTree = "<group>";
		};
		79A1580D2003B01C006A8A1F /* Supporting Files */ = {
			isa = PBXGroup;
			children = (
				79A157DF2003B00B006A8A1F /* AppDelegate.swift */,
				79A157E62003B00B006A8A1F /* Assets.xcassets */,
				79A157E82003B00B006A8A1F /* LaunchScreen.storyboard */,
				79A157EB2003B00B006A8A1F /* Info.plist */,
			);
			path = "Supporting Files";
			sourceTree = "<group>";
		};
		79A1580E2003B062006A8A1F /* View */ = {
			isa = PBXGroup;
			children = (
				79A1588C200BB025006A8A1F /* Custom View */,
				79A1580F2003B068006A8A1F /* Storyboard */,
			);
			path = View;
			sourceTree = "<group>";
		};
		79A1580F2003B068006A8A1F /* Storyboard */ = {
			isa = PBXGroup;
			children = (
				79A157E32003B00B006A8A1F /* Main.storyboard */,
			);
			path = Storyboard;
			sourceTree = "<group>";
		};
		79A158102003B08E006A8A1F /* Data Provider */ = {
			isa = PBXGroup;
			children = (
				79A158112003B0B5006A8A1F /* RestaurantDataProvider.swift */,
				79A158132003B228006A8A1F /* RestaurantDataManager.swift */,
			);
			path = "Data Provider";
			sourceTree = "<group>";
		};
		79A158152004DE02006A8A1F /* Resources */ = {
			isa = PBXGroup;
			children = (
				79A158162004DE15006A8A1F /* sample iOS.json */,
			);
			path = Resources;
			sourceTree = "<group>";
		};
		79A15878200BA397006A8A1F /* Store */ = {
			isa = PBXGroup;
			children = (
				79A15879200BA3A4006A8A1F /* BaseStore.swift */,
				79A1587B200BA471006A8A1F /* RestaurantStore.swift */,
			);
			path = Store;
			sourceTree = "<group>";
		};
		79A1587D200BA482006A8A1F /* Model */ = {
			isa = PBXGroup;
			children = (
				79A1587E200BA497006A8A1F /* BaseModel.swift */,
				79A15880200BA4A9006A8A1F /* RestaurantModel.swift */,
			);
			path = Model;
			sourceTree = "<group>";
		};
		79A15882200BAADE006A8A1F /* Utils */ = {
			isa = PBXGroup;
			children = (
				79A15883200BAAE8006A8A1F /* Constants.swift */,
			);
			path = Utils;
			sourceTree = "<group>";
		};
		79A15885200BAB91006A8A1F /* Controller */ = {
			isa = PBXGroup;
			children = (
				79A15886200BAC47006A8A1F /* BaseViewController.swift */,
				79A15888200BAD83006A8A1F /* RestaurantsViewController.swift */,
				79A1588F200BB0E6006A8A1F /* RestaurantsViewController+UISearchController.swift */,
				79A15891200BB721006A8A1F /* RestaurantsViewController+UITableView.swift */,
			);
			path = Controller;
			sourceTree = "<group>";
		};
		79A1588C200BB025006A8A1F /* Custom View */ = {
			isa = PBXGroup;
			children = (
				79A1588D200BB034006A8A1F /* RestaurantTableViewCell.swift */,
			);
			path = "Custom View";
			sourceTree = "<group>";
		};
		A0442B198C27EF6A38BDD0A5 /* Frameworks */ = {
			isa = PBXGroup;
			children = (
				7937FE77CA41E76C4A49412A /* Pods_FavoriteRestaurants.framework */,
			);
			name = Frameworks;
			sourceTree = "<group>";
		};
		B2BCC495A2829E4558C8B94D /* Pods */ = {
			isa = PBXGroup;
			children = (
				874B05B096E106E87C051792 /* Pods-FavoriteRestaurants.debug.xcconfig */,
				C1ECE6A7729FDA8DA43A3826 /* Pods-FavoriteRestaurants.release.xcconfig */,
			);
			name = Pods;
			sourceTree = "<group>";
		};
/* End PBXGroup section */

/* Begin PBXNativeTarget section */
		79A157DB2003B00B006A8A1F /* FavoriteRestaurants */ = {
			isa = PBXNativeTarget;
			buildConfigurationList = 79A158042003B00B006A8A1F /* Build configuration list for PBXNativeTarget "FavoriteRestaurants" */;
			buildPhases = (
				B941AEF2EC82B3AAA011419B /* [CP] Check Pods Manifest.lock */,
				79A157D82003B00B006A8A1F /* Sources */,
				79A157D92003B00B006A8A1F /* Frameworks */,
				79A157DA2003B00B006A8A1F /* Resources */,
				A2F8D72E489E558E683FAFD2 /* [CP] Embed Pods Frameworks */,
				7DB6DDE5DAAAA56D65430BC5 /* [CP] Copy Pods Resources */,
			);
			buildRules = (
			);
			dependencies = (
			);
			name = FavoriteRestaurants;
			productName = FavoriteRestaurants;
			productReference = 79A157DC2003B00B006A8A1F /* FavoriteRestaurants.app */;
			productType = "com.apple.product-type.application";
		};
		79A157EF2003B00B006A8A1F /* FavoriteRestaurantsTests */ = {
			isa = PBXNativeTarget;
			buildConfigurationList = 79A158072003B00B006A8A1F /* Build configuration list for PBXNativeTarget "FavoriteRestaurantsTests" */;
			buildPhases = (
				79A157EC2003B00B006A8A1F /* Sources */,
				79A157ED2003B00B006A8A1F /* Frameworks */,
				79A157EE2003B00B006A8A1F /* Resources */,
			);
			buildRules = (
			);
			dependencies = (
				79A157F22003B00B006A8A1F /* PBXTargetDependency */,
			);
			name = FavoriteRestaurantsTests;
			productName = FavoriteRestaurantsTests;
			productReference = 79A157F02003B00B006A8A1F /* FavoriteRestaurantsTests.xctest */;
			productType = "com.apple.product-type.bundle.unit-test";
		};
		79A157FA2003B00B006A8A1F /* FavoriteRestaurantsUITests */ = {
			isa = PBXNativeTarget;
			buildConfigurationList = 79A1580A2003B00B006A8A1F /* Build configuration list for PBXNativeTarget "FavoriteRestaurantsUITests" */;
			buildPhases = (
				79A157F72003B00B006A8A1F /* Sources */,
				79A157F82003B00B006A8A1F /* Frameworks */,
				79A157F92003B00B006A8A1F /* Resources */,
			);
			buildRules = (
			);
			dependencies = (
				79A157FD2003B00B006A8A1F /* PBXTargetDependency */,
			);
			name = FavoriteRestaurantsUITests;
			productName = FavoriteRestaurantsUITests;
			productReference = 79A157FB2003B00B006A8A1F /* FavoriteRestaurantsUITests.xctest */;
			productType = "com.apple.product-type.bundle.ui-testing";
		};
/* End PBXNativeTarget section */

/* Begin PBXProject section */
		79A157D42003B00B006A8A1F /* Project object */ = {
			isa = PBXProject;
			attributes = {
				LastSwiftUpdateCheck = 0920;
				LastUpgradeCheck = 0920;
				ORGANIZATIONNAME = Mohamed;
				TargetAttributes = {
					79A157DB2003B00B006A8A1F = {
						CreatedOnToolsVersion = 9.2;
						ProvisioningStyle = Automatic;
					};
					79A157EF2003B00B006A8A1F = {
						CreatedOnToolsVersion = 9.2;
						ProvisioningStyle = Automatic;
						TestTargetID = 79A157DB2003B00B006A8A1F;
					};
					79A157FA2003B00B006A8A1F = {
						CreatedOnToolsVersion = 9.2;
						ProvisioningStyle = Automatic;
						TestTargetID = 79A157DB2003B00B006A8A1F;
					};
				};
			};
			buildConfigurationList = 79A157D72003B00B006A8A1F /* Build configuration list for PBXProject "FavoriteRestaurants" */;
			compatibilityVersion = "Xcode 8.0";
			developmentRegion = en;
			hasScannedForEncodings = 0;
			knownRegions = (
				en,
				Base,
			);
			mainGroup = 79A157D32003B00B006A8A1F;
			productRefGroup = 79A157DD2003B00B006A8A1F /* Products */;
			projectDirPath = "";
			projectRoot = "";
			targets = (
				79A157DB2003B00B006A8A1F /* FavoriteRestaurants */,
				79A157EF2003B00B006A8A1F /* FavoriteRestaurantsTests */,
				79A157FA2003B00B006A8A1F /* FavoriteRestaurantsUITests */,
			);
		};
/* End PBXProject section */

/* Begin PBXResourcesBuildPhase section */
		79A157DA2003B00B006A8A1F /* Resources */ = {
			isa = PBXResourcesBuildPhase;
			buildActionMask = 2147483647;
			files = (
				79A158172004DE15006A8A1F /* sample iOS.json in Resources */,
				79A157EA2003B00B006A8A1F /* LaunchScreen.storyboard in Resources */,
				79A157E72003B00B006A8A1F /* Assets.xcassets in Resources */,
				79A157E52003B00B006A8A1F /* Main.storyboard in Resources */,
			);
			runOnlyForDeploymentPostprocessing = 0;
		};
		79A157EE2003B00B006A8A1F /* Resources */ = {
			isa = PBXResourcesBuildPhase;
			buildActionMask = 2147483647;
			files = (
			);
			runOnlyForDeploymentPostprocessing = 0;
		};
		79A157F92003B00B006A8A1F /* Resources */ = {
			isa = PBXResourcesBuildPhase;
			buildActionMask = 2147483647;
			files = (
			);
			runOnlyForDeploymentPostprocessing = 0;
		};
/* End PBXResourcesBuildPhase section */

/* Begin PBXShellScriptBuildPhase section */
		7DB6DDE5DAAAA56D65430BC5 /* [CP] Copy Pods Resources */ = {
			isa = PBXShellScriptBuildPhase;
			buildActionMask = 2147483647;
			files = (
			);
			inputPaths = (
			);
			name = "[CP] Copy Pods Resources";
			outputPaths = (
			);
			runOnlyForDeploymentPostprocessing = 0;
			shellPath = /bin/sh;
			shellScript = "\"${SRCROOT}/Pods/Target Support Files/Pods-FavoriteRestaurants/Pods-FavoriteRestaurants-resources.sh\"\n";
			showEnvVarsInLog = 0;
		};
		A2F8D72E489E558E683FAFD2 /* [CP] Embed Pods Frameworks */ = {
			isa = PBXShellScriptBuildPhase;
			buildActionMask = 2147483647;
			files = (
			);
			inputPaths = (
				"${SRCROOT}/Pods/Target Support Files/Pods-FavoriteRestaurants/Pods-FavoriteRestaurants-frameworks.sh",
				"${BUILT_PRODUCTS_DIR}/MBProgressHUD/MBProgressHUD.framework",
				"${BUILT_PRODUCTS_DIR}/ObjectMapper/ObjectMapper.framework",
				"${BUILT_PRODUCTS_DIR}/Reflection/Reflection.framework",
				"${BUILT_PRODUCTS_DIR}/SwiftKVC/SwiftKVC.framework",
			);
			name = "[CP] Embed Pods Frameworks";
			outputPaths = (
				"${TARGET_BUILD_DIR}/${FRAMEWORKS_FOLDER_PATH}/MBProgressHUD.framework",
				"${TARGET_BUILD_DIR}/${FRAMEWORKS_FOLDER_PATH}/ObjectMapper.framework",
				"${TARGET_BUILD_DIR}/${FRAMEWORKS_FOLDER_PATH}/Reflection.framework",
				"${TARGET_BUILD_DIR}/${FRAMEWORKS_FOLDER_PATH}/SwiftKVC.framework",
			);
			runOnlyForDeploymentPostprocessing = 0;
			shellPath = /bin/sh;
			shellScript = "\"${SRCROOT}/Pods/Target Support Files/Pods-FavoriteRestaurants/Pods-FavoriteRestaurants-frameworks.sh\"\n";
			showEnvVarsInLog = 0;
		};
		B941AEF2EC82B3AAA011419B /* [CP] Check Pods Manifest.lock */ = {
			isa = PBXShellScriptBuildPhase;
			buildActionMask = 2147483647;
			files = (
			);
			inputPaths = (
				"${PODS_PODFILE_DIR_PATH}/Podfile.lock",
				"${PODS_ROOT}/Manifest.lock",
			);
			name = "[CP] Check Pods Manifest.lock";
			outputPaths = (
				"$(DERIVED_FILE_DIR)/Pods-FavoriteRestaurants-checkManifestLockResult.txt",
			);
			runOnlyForDeploymentPostprocessing = 0;
			shellPath = /bin/sh;
			shellScript = "diff \"${PODS_PODFILE_DIR_PATH}/Podfile.lock\" \"${PODS_ROOT}/Manifest.lock\" > /dev/null\nif [ $? != 0 ] ; then\n    # print error to STDERR\n    echo \"error: The sandbox is not in sync with the Podfile.lock. Run 'pod install' or update your CocoaPods installation.\" >&2\n    exit 1\nfi\n# This output is used by Xcode 'outputs' to avoid re-running this script phase.\necho \"SUCCESS\" > \"${SCRIPT_OUTPUT_FILE_0}\"\n";
			showEnvVarsInLog = 0;
		};
/* End PBXShellScriptBuildPhase section */

/* Begin PBXSourcesBuildPhase section */
		79A157D82003B00B006A8A1F /* Sources */ = {
			isa = PBXSourcesBuildPhase;
			buildActionMask = 2147483647;
			files = (
				79A1587F200BA497006A8A1F /* BaseModel.swift in Sources */,
				79A157E02003B00B006A8A1F /* AppDelegate.swift in Sources */,
				79A15892200BB721006A8A1F /* RestaurantsViewController+UITableView.swift in Sources */,
				79A15881200BA4A9006A8A1F /* RestaurantModel.swift in Sources */,
				79A1588E200BB034006A8A1F /* RestaurantTableViewCell.swift in Sources */,
				79A15889200BAD83006A8A1F /* RestaurantsViewController.swift in Sources */,
				79A158122003B0B5006A8A1F /* RestaurantDataProvider.swift in Sources */,
				79A1587C200BA471006A8A1F /* RestaurantStore.swift in Sources */,
				79A15887200BAC47006A8A1F /* BaseViewController.swift in Sources */,
				79A1587A200BA3A4006A8A1F /* BaseStore.swift in Sources */,
				79A158142003B228006A8A1F /* RestaurantDataManager.swift in Sources */,
				79A15884200BAAE8006A8A1F /* Constants.swift in Sources */,
				79A15890200BB0E6006A8A1F /* RestaurantsViewController+UISearchController.swift in Sources */,
			);
			runOnlyForDeploymentPostprocessing = 0;
		};
		79A157EC2003B00B006A8A1F /* Sources */ = {
			isa = PBXSourcesBuildPhase;
			buildActionMask = 2147483647;
			files = (
				79A157F52003B00B006A8A1F /* FavoriteRestaurantsTests.swift in Sources */,
			);
			runOnlyForDeploymentPostprocessing = 0;
		};
		79A157F72003B00B006A8A1F /* Sources */ = {
			isa = PBXSourcesBuildPhase;
			buildActionMask = 2147483647;
			files = (
				79A158002003B00B006A8A1F /* FavoriteRestaurantsUITests.swift in Sources */,
			);
			runOnlyForDeploymentPostprocessing = 0;
		};
/* End PBXSourcesBuildPhase section */

/* Begin PBXTargetDependency section */
		79A157F22003B00B006A8A1F /* PBXTargetDependency */ = {
			isa = PBXTargetDependency;
			target = 79A157DB2003B00B006A8A1F /* FavoriteRestaurants */;
			targetProxy = 79A157F12003B00B006A8A1F /* PBXContainerItemProxy */;
		};
		79A157FD2003B00B006A8A1F /* PBXTargetDependency */ = {
			isa = PBXTargetDependency;
			target = 79A157DB2003B00B006A8A1F /* FavoriteRestaurants */;
			targetProxy = 79A157FC2003B00B006A8A1F /* PBXContainerItemProxy */;
		};
/* End PBXTargetDependency section */

/* Begin PBXVariantGroup section */
		79A157E32003B00B006A8A1F /* Main.storyboard */ = {
			isa = PBXVariantGroup;
			children = (
				79A157E42003B00B006A8A1F /* Base */,
			);
			name = Main.storyboard;
			sourceTree = "<group>";
		};
		79A157E82003B00B006A8A1F /* LaunchScreen.storyboard */ = {
			isa = PBXVariantGroup;
			children = (
				79A157E92003B00B006A8A1F /* Base */,
			);
			name = LaunchScreen.storyboard;
			sourceTree = "<group>";
		};
/* End PBXVariantGroup section */

/* Begin XCBuildConfiguration section */
		79A158022003B00B006A8A1F /* Debug */ = {
			isa = XCBuildConfiguration;
			buildSettings = {
				ALWAYS_SEARCH_USER_PATHS = NO;
				CLANG_ANALYZER_NONNULL = YES;
				CLANG_ANALYZER_NUMBER_OBJECT_CONVERSION = YES_AGGRESSIVE;
				CLANG_CXX_LANGUAGE_STANDARD = "gnu++14";
				CLANG_CXX_LIBRARY = "libc++";
				CLANG_ENABLE_MODULES = YES;
				CLANG_ENABLE_OBJC_ARC = YES;
				CLANG_WARN_BLOCK_CAPTURE_AUTORELEASING = YES;
				CLANG_WARN_BOOL_CONVERSION = YES;
				CLANG_WARN_COMMA = YES;
				CLANG_WARN_CONSTANT_CONVERSION = YES;
				CLANG_WARN_DIRECT_OBJC_ISA_USAGE = YES_ERROR;
				CLANG_WARN_DOCUMENTATION_COMMENTS = YES;
				CLANG_WARN_EMPTY_BODY = YES;
				CLANG_WARN_ENUM_CONVERSION = YES;
				CLANG_WARN_INFINITE_RECURSION = YES;
				CLANG_WARN_INT_CONVERSION = YES;
				CLANG_WARN_NON_LITERAL_NULL_CONVERSION = YES;
				CLANG_WARN_OBJC_LITERAL_CONVERSION = YES;
				CLANG_WARN_OBJC_ROOT_CLASS = YES_ERROR;
				CLANG_WARN_RANGE_LOOP_ANALYSIS = YES;
				CLANG_WARN_STRICT_PROTOTYPES = YES;
				CLANG_WARN_SUSPICIOUS_MOVE = YES;
				CLANG_WARN_UNGUARDED_AVAILABILITY = YES_AGGRESSIVE;
				CLANG_WARN_UNREACHABLE_CODE = YES;
				CLANG_WARN__DUPLICATE_METHOD_MATCH = YES;
				CODE_SIGN_IDENTITY = "iPhone Developer";
				COPY_PHASE_STRIP = NO;
				DEBUG_INFORMATION_FORMAT = dwarf;
				ENABLE_STRICT_OBJC_MSGSEND = YES;
				ENABLE_TESTABILITY = YES;
				GCC_C_LANGUAGE_STANDARD = gnu11;
				GCC_DYNAMIC_NO_PIC = NO;
				GCC_NO_COMMON_BLOCKS = YES;
				GCC_OPTIMIZATION_LEVEL = 0;
				GCC_PREPROCESSOR_DEFINITIONS = (
					"DEBUG=1",
					"$(inherited)",
				);
				GCC_WARN_64_TO_32_BIT_CONVERSION = YES;
				GCC_WARN_ABOUT_RETURN_TYPE = YES_ERROR;
				GCC_WARN_UNDECLARED_SELECTOR = YES;
				GCC_WARN_UNINITIALIZED_AUTOS = YES_AGGRESSIVE;
				GCC_WARN_UNUSED_FUNCTION = YES;
				GCC_WARN_UNUSED_VARIABLE = YES;
				IPHONEOS_DEPLOYMENT_TARGET = 11.2;
				MTL_ENABLE_DEBUG_INFO = YES;
				ONLY_ACTIVE_ARCH = YES;
				SDKROOT = iphoneos;
				SWIFT_ACTIVE_COMPILATION_CONDITIONS = DEBUG;
				SWIFT_OPTIMIZATION_LEVEL = "-Onone";
			};
			name = Debug;
		};
		79A158032003B00B006A8A1F /* Release */ = {
			isa = XCBuildConfiguration;
			buildSettings = {
				ALWAYS_SEARCH_USER_PATHS = NO;
				CLANG_ANALYZER_NONNULL = YES;
				CLANG_ANALYZER_NUMBER_OBJECT_CONVERSION = YES_AGGRESSIVE;
				CLANG_CXX_LANGUAGE_STANDARD = "gnu++14";
				CLANG_CXX_LIBRARY = "libc++";
				CLANG_ENABLE_MODULES = YES;
				CLANG_ENABLE_OBJC_ARC = YES;
				CLANG_WARN_BLOCK_CAPTURE_AUTORELEASING = YES;
				CLANG_WARN_BOOL_CONVERSION = YES;
				CLANG_WARN_COMMA = YES;
				CLANG_WARN_CONSTANT_CONVERSION = YES;
				CLANG_WARN_DIRECT_OBJC_ISA_USAGE = YES_ERROR;
				CLANG_WARN_DOCUMENTATION_COMMENTS = YES;
				CLANG_WARN_EMPTY_BODY = YES;
				CLANG_WARN_ENUM_CONVERSION = YES;
				CLANG_WARN_INFINITE_RECURSION = YES;
				CLANG_WARN_INT_CONVERSION = YES;
				CLANG_WARN_NON_LITERAL_NULL_CONVERSION = YES;
				CLANG_WARN_OBJC_LITERAL_CONVERSION = YES;
				CLANG_WARN_OBJC_ROOT_CLASS = YES_ERROR;
				CLANG_WARN_RANGE_LOOP_ANALYSIS = YES;
				CLANG_WARN_STRICT_PROTOTYPES = YES;
				CLANG_WARN_SUSPICIOUS_MOVE = YES;
				CLANG_WARN_UNGUARDED_AVAILABILITY = YES_AGGRESSIVE;
				CLANG_WARN_UNREACHABLE_CODE = YES;
				CLANG_WARN__DUPLICATE_METHOD_MATCH = YES;
				CODE_SIGN_IDENTITY = "iPhone Developer";
				COPY_PHASE_STRIP = NO;
				DEBUG_INFORMATION_FORMAT = "dwarf-with-dsym";
				ENABLE_NS_ASSERTIONS = NO;
				ENABLE_STRICT_OBJC_MSGSEND = YES;
				GCC_C_LANGUAGE_STANDARD = gnu11;
				GCC_NO_COMMON_BLOCKS = YES;
				GCC_WARN_64_TO_32_BIT_CONVERSION = YES;
				GCC_WARN_ABOUT_RETURN_TYPE = YES_ERROR;
				GCC_WARN_UNDECLARED_SELECTOR = YES;
				GCC_WARN_UNINITIALIZED_AUTOS = YES_AGGRESSIVE;
				GCC_WARN_UNUSED_FUNCTION = YES;
				GCC_WARN_UNUSED_VARIABLE = YES;
				IPHONEOS_DEPLOYMENT_TARGET = 11.2;
				MTL_ENABLE_DEBUG_INFO = NO;
				SDKROOT = iphoneos;
				SWIFT_OPTIMIZATION_LEVEL = "-Owholemodule";
				VALIDATE_PRODUCT = YES;
			};
			name = Release;
		};
		79A158052003B00B006A8A1F /* Debug */ = {
			isa = XCBuildConfiguration;
			baseConfigurationReference = 874B05B096E106E87C051792 /* Pods-FavoriteRestaurants.debug.xcconfig */;
			buildSettings = {
				ASSETCATALOG_COMPILER_APPICON_NAME = AppIcon;
				CODE_SIGN_STYLE = Automatic;
				DEVELOPMENT_TEAM = RBZ2UQ2323;
				INFOPLIST_FILE = "$(SRCROOT)/FavoriteRestaurants/Supporting Files/Info.plist";
				IPHONEOS_DEPLOYMENT_TARGET = 10.0;
				LD_RUNPATH_SEARCH_PATHS = "$(inherited) @executable_path/Frameworks";
				PRODUCT_BUNDLE_IDENTIFIER = com.mohamed.FavoriteRestaurants;
				PRODUCT_NAME = "$(TARGET_NAME)";
				SWIFT_VERSION = 4.0;
				TARGETED_DEVICE_FAMILY = "1,2";
			};
			name = Debug;
		};
		79A158062003B00B006A8A1F /* Release */ = {
			isa = XCBuildConfiguration;
			baseConfigurationReference = C1ECE6A7729FDA8DA43A3826 /* Pods-FavoriteRestaurants.release.xcconfig */;
			buildSettings = {
				ASSETCATALOG_COMPILER_APPICON_NAME = AppIcon;
				CODE_SIGN_STYLE = Automatic;
				DEVELOPMENT_TEAM = RBZ2UQ2323;
				INFOPLIST_FILE = "$(SRCROOT)/FavoriteRestaurants/Supporting Files/Info.plist";
				IPHONEOS_DEPLOYMENT_TARGET = 10.0;
				LD_RUNPATH_SEARCH_PATHS = "$(inherited) @executable_path/Frameworks";
				PRODUCT_BUNDLE_IDENTIFIER = com.mohamed.FavoriteRestaurants;
				PRODUCT_NAME = "$(TARGET_NAME)";
				SWIFT_VERSION = 4.0;
				TARGETED_DEVICE_FAMILY = "1,2";
			};
			name = Release;
		};
		79A158082003B00B006A8A1F /* Debug */ = {
			isa = XCBuildConfiguration;
			buildSettings = {
				ALWAYS_EMBED_SWIFT_STANDARD_LIBRARIES = YES;
				BUNDLE_LOADER = "$(TEST_HOST)";
				CODE_SIGN_STYLE = Automatic;
				DEVELOPMENT_TEAM = RBZ2UQ2323;
				INFOPLIST_FILE = FavoriteRestaurantsTests/Info.plist;
				LD_RUNPATH_SEARCH_PATHS = "$(inherited) @executable_path/Frameworks @loader_path/Frameworks";
				PRODUCT_BUNDLE_IDENTIFIER = com.mohamed.FavoriteRestaurantsTests;
				PRODUCT_NAME = "$(TARGET_NAME)";
				SWIFT_VERSION = 4.0;
				TARGETED_DEVICE_FAMILY = "1,2";
				TEST_HOST = "$(BUILT_PRODUCTS_DIR)/FavoriteRestaurants.app/FavoriteRestaurants";
			};
			name = Debug;
		};
		79A158092003B00B006A8A1F /* Release */ = {
			isa = XCBuildConfiguration;
			buildSettings = {
				ALWAYS_EMBED_SWIFT_STANDARD_LIBRARIES = YES;
				BUNDLE_LOADER = "$(TEST_HOST)";
				CODE_SIGN_STYLE = Automatic;
				DEVELOPMENT_TEAM = RBZ2UQ2323;
				INFOPLIST_FILE = FavoriteRestaurantsTests/Info.plist;
				LD_RUNPATH_SEARCH_PATHS = "$(inherited) @executable_path/Frameworks @loader_path/Frameworks";
				PRODUCT_BUNDLE_IDENTIFIER = com.mohamed.FavoriteRestaurantsTests;
				PRODUCT_NAME = "$(TARGET_NAME)";
				SWIFT_VERSION = 4.0;
				TARGETED_DEVICE_FAMILY = "1,2";
				TEST_HOST = "$(BUILT_PRODUCTS_DIR)/FavoriteRestaurants.app/FavoriteRestaurants";
			};
			name = Release;
		};
		79A1580B2003B00B006A8A1F /* Debug */ = {
			isa = XCBuildConfiguration;
			buildSettings = {
				ALWAYS_EMBED_SWIFT_STANDARD_LIBRARIES = YES;
				CODE_SIGN_STYLE = Automatic;
				DEVELOPMENT_TEAM = RBZ2UQ2323;
				INFOPLIST_FILE = FavoriteRestaurantsUITests/Info.plist;
				LD_RUNPATH_SEARCH_PATHS = "$(inherited) @executable_path/Frameworks @loader_path/Frameworks";
				PRODUCT_BUNDLE_IDENTIFIER = com.mohamed.FavoriteRestaurantsUITests;
				PRODUCT_NAME = "$(TARGET_NAME)";
				SWIFT_VERSION = 4.0;
				TARGETED_DEVICE_FAMILY = "1,2";
				TEST_TARGET_NAME = FavoriteRestaurants;
			};
			name = Debug;
		};
		79A1580C2003B00B006A8A1F /* Release */ = {
			isa = XCBuildConfiguration;
			buildSettings = {
				ALWAYS_EMBED_SWIFT_STANDARD_LIBRARIES = YES;
				CODE_SIGN_STYLE = Automatic;
				DEVELOPMENT_TEAM = RBZ2UQ2323;
				INFOPLIST_FILE = FavoriteRestaurantsUITests/Info.plist;
				LD_RUNPATH_SEARCH_PATHS = "$(inherited) @executable_path/Frameworks @loader_path/Frameworks";
				PRODUCT_BUNDLE_IDENTIFIER = com.mohamed.FavoriteRestaurantsUITests;
				PRODUCT_NAME = "$(TARGET_NAME)";
				SWIFT_VERSION = 4.0;
				TARGETED_DEVICE_FAMILY = "1,2";
				TEST_TARGET_NAME = FavoriteRestaurants;
			};
			name = Release;
		};
/* End XCBuildConfiguration section */

/* Begin XCConfigurationList section */
		79A157D72003B00B006A8A1F /* Build configuration list for PBXProject "FavoriteRestaurants" */ = {
			isa = XCConfigurationList;
			buildConfigurations = (
				79A158022003B00B006A8A1F /* Debug */,
				79A158032003B00B006A8A1F /* Release */,
			);
			defaultConfigurationIsVisible = 0;
			defaultConfigurationName = Release;
		};
		79A158042003B00B006A8A1F /* Build configuration list for PBXNativeTarget "FavoriteRestaurants" */ = {
			isa = XCConfigurationList;
			buildConfigurations = (
				79A158052003B00B006A8A1F /* Debug */,
				79A158062003B00B006A8A1F /* Release */,
			);
			defaultConfigurationIsVisible = 0;
			defaultConfigurationName = Release;
		};
		79A158072003B00B006A8A1F /* Build configuration list for PBXNativeTarget "FavoriteRestaurantsTests" */ = {
			isa = XCConfigurationList;
			buildConfigurations = (
				79A158082003B00B006A8A1F /* Debug */,
				79A158092003B00B006A8A1F /* Release */,
			);
			defaultConfigurationIsVisible = 0;
			defaultConfigurationName = Release;
		};
		79A1580A2003B00B006A8A1F /* Build configuration list for PBXNativeTarget "FavoriteRestaurantsUITests" */ = {
			isa = XCConfigurationList;
			buildConfigurations = (
				79A1580B2003B00B006A8A1F /* Debug */,
				79A1580C2003B00B006A8A1F /* Release */,
			);
			defaultConfigurationIsVisible = 0;
			defaultConfigurationName = Release;
		};
/* End XCConfigurationList section */
	};
	rootObject = 79A157D42003B00B006A8A1F /* Project object */;
}
